
Microsoft Visual Studio Solution File, Format Version 12.00
# Visual Studio 2012
Project("{8BC9CEB8-8B4A-11D0-8D11-00A0C91BC942}") = "Engine_SamGorman", "Engine_SamGorman\Engine_SamGorman.vcxproj", "{A390F3D4-92D0-408B-88CF-B86C4A0E2C58}"
EndProject
Project("{2150E333-8FDC-42A3-9474-1A3956D46DE8}") = ".nuget", ".nuget", "{BCBAC28F-3037-4A96-9651-0B9B01093213}"
	ProjectSection(SolutionItems) = preProject
		.nuget\NuGet.Config = .nuget\NuGet.Config
		.nuget\NuGet.exe = .nuget\NuGet.exe
		.nuget\NuGet.targets = .nuget\NuGet.targets
	EndProjectSection
EndProject
Global
	GlobalSection(SolutionConfigurationPlatforms) = preSolution
		Debug|Win32 = Debug|Win32
		Release|Win32 = Release|Win32
	EndGlobalSection
	GlobalSection(ProjectConfigurationPlatforms) = postSolution
		{A390F3D4-92D0-408B-88CF-B86C4A0E2C58}.Debug|Win32.ActiveCfg = Debug|Win32
		{A390F3D4-92D0-408B-88CF-B86C4A0E2C58}.Debug|Win32.Build.0 = Debug|Win32
		{A390F3D4-92D0-408B-88CF-B86C4A0E2C58}.Release|Win32.ActiveCfg = Release|Win32
		{A390F3D4-92D0-408B-88CF-B86C4A0E2C58}.Release|Win32.Build.0 = Release|Win32
	EndGlobalSection
	GlobalSection(SolutionProperties) = preSolution
		HideSolutionNode = FALSE
	EndGlobalSection
EndGlobal
